// !$*UTF8*$!
{
	archiveVersion = 1;
	classes = {
	};
	objectVersion = 55;
	objects = {

/* Begin PBXBuildFile section */
		AD9DCE182710582200CED5AE /* ErrorScreenApp.swift in Sources */ = {isa = PBXBuildFile; fileRef = AD9DCE172710582200CED5AE /* ErrorScreenApp.swift */; };
		AD9DCE1A2710582200CED5AE /* ContentView.swift in Sources */ = {isa = PBXBuildFile; fileRef = AD9DCE192710582200CED5AE /* ContentView.swift */; };
		AD9DCE1C2710582600CED5AE /* Assets.xcassets in Resources */ = {isa = PBXBuildFile; fileRef = AD9DCE1B2710582600CED5AE /* Assets.xcassets */; };
		AD9DCE1F2710582600CED5AE /* Preview Assets.xcassets in Resources */ = {isa = PBXBuildFile; fileRef = AD9DCE1E2710582600CED5AE /* Preview Assets.xcassets */; };
		AD9DCE3227105B1C00CED5AE /* NoConnection.swift in Sources */ = {isa = PBXBuildFile; fileRef = AD9DCE3127105B1C00CED5AE /* NoConnection.swift */; };
		AD9DCE3527105DFA00CED5AE /* Error404.swift in Sources */ = {isa = PBXBuildFile; fileRef = AD9DCE3427105DFA00CED5AE /* Error404.swift */; };
		AD9DCE38271077DC00CED5AE /* SomethingWentWrong.swift in Sources */ = {isa = PBXBuildFile; fileRef = AD9DCE37271077DC00CED5AE /* SomethingWentWrong.swift */; };
		AD9DCE3B2710784900CED5AE /* FileNotFound.swift in Sources */ = {isa = PBXBuildFile; fileRef = AD9DCE3A2710784900CED5AE /* FileNotFound.swift */; };
		AD9DCE3E2710790A00CED5AE /* SomethingWrong.swift in Sources */ = {isa = PBXBuildFile; fileRef = AD9DCE3D2710790A00CED5AE /* SomethingWrong.swift */; };
/* End PBXBuildFile section */

/* Begin PBXFileReference section */
		AD9DCE142710582200CED5AE /* ErrorScreen.app */ = {isa = PBXFileReference; explicitFileType = wrapper.application; includeInIndex = 0; path = ErrorScreen.app; sourceTree = BUILT_PRODUCTS_DIR; };
		AD9DCE172710582200CED5AE /* ErrorScreenApp.swift */ = {isa = PBXFileReference; lastKnownFileType = sourcecode.swift; path = ErrorScreenApp.swift; sourceTree = "<group>"; };
		AD9DCE192710582200CED5AE /* ContentView.swift */ = {isa = PBXFileReference; lastKnownFileType = sourcecode.swift; path = ContentView.swift; sourceTree = "<group>"; };
		AD9DCE1B2710582600CED5AE /* Assets.xcassets */ = {isa = PBXFileReference; lastKnownFileType = folder.assetcatalog; path = Assets.xcassets; sourceTree = "<group>"; };
		AD9DCE1E2710582600CED5AE /* Preview Assets.xcassets */ = {isa = PBXFileReference; lastKnownFileType = folder.assetcatalog; path = "Preview Assets.xcassets"; sourceTree = "<group>"; };
		AD9DCE3127105B1C00CED5AE /* NoConnection.swift */ = {isa = PBXFileReference; lastKnownFileType = sourcecode.swift; path = NoConnection.swift; sourceTree = "<group>"; };
		AD9DCE3427105DFA00CED5AE /* Error404.swift */ = {isa = PBXFileReference; lastKnownFileType = sourcecode.swift; path = Error404.swift; sourceTree = "<group>"; };
		AD9DCE37271077DC00CED5AE /* SomethingWentWrong.swift */ = {isa = PBXFileReference; fileEncoding = 4; lastKnownFileType = sourcecode.swift; path = SomethingWentWrong.swift; sourceTree = "<group>"; };
		AD9DCE3A2710784900CED5AE /* FileNotFound.swift */ = {isa = PBXFileReference; fileEncoding = 4; lastKnownFileType = sourcecode.swift; path = FileNotFound.swift; sourceTree = "<group>"; };
		AD9DCE3D2710790A00CED5AE /* SomethingWrong.swift */ = {isa = PBXFileReference; fileEncoding = 4; lastKnownFileType = sourcecode.swift; path = SomethingWrong.swift; sourceTree = "<group>"; };
/* End PBXFileReference section */

/* Begin PBXFrameworksBuildPhase section */
		AD9DCE112710582200CED5AE /* Frameworks */ = {
			isa = PBXFrameworksBuildPhase;
			buildActionMask = 2147483647;
			files = (
			);
			runOnlyForDeploymentPostprocessing = 0;
		};
/* End PBXFrameworksBuildPhase section */

/* Begin PBXGroup section */
		AD9DCE0B2710582200CED5AE = {
			isa = PBXGroup;
			children = (
				AD9DCE162710582200CED5AE /* ErrorScreen */,
				AD9DCE152710582200CED5AE /* Products */,
			);
			sourceTree = "<group>";
		};
		AD9DCE152710582200CED5AE /* Products */ = {
			isa = PBXGroup;
			children = (
				AD9DCE142710582200CED5AE /* ErrorScreen.app */,
			);
			name = Products;
			sourceTree = "<group>";
		};
		AD9DCE162710582200CED5AE /* ErrorScreen */ = {
			isa = PBXGroup;
			children = (
				AD9DCE252710591A00CED5AE /* Views */,
				AD9DCE172710582200CED5AE /* ErrorScreenApp.swift */,
				AD9DCE1B2710582600CED5AE /* Assets.xcassets */,
				AD9DCE1D2710582600CED5AE /* Preview Content */,
			);
			path = ErrorScreen;
			sourceTree = "<group>";
		};
		AD9DCE1D2710582600CED5AE /* Preview Content */ = {
			isa = PBXGroup;
			children = (
				AD9DCE1E2710582600CED5AE /* Preview Assets.xcassets */,
			);
			path = "Preview Content";
			sourceTree = "<group>";
		};
		AD9DCE252710591A00CED5AE /* Views */ = {
			isa = PBXGroup;
			children = (
				AD9DCE3C271078F300CED5AE /* 05_Something_Went_Wrong */,
				AD9DCE3027105B0300CED5AE /* 01_No_Connection */,
				AD9DCE3327105DD700CED5AE /* 02_404_Error */,
				AD9DCE36271077C200CED5AE /* 03_Something_Went_Wrong */,
				AD9DCE392710782D00CED5AE /* 04_File_Not_Found */,
				AD9DCE192710582200CED5AE /* ContentView.swift */,
			);
			path = Views;
			sourceTree = "<group>";
		};
		AD9DCE3027105B0300CED5AE /* 01_No_Connection */ = {
			isa = PBXGroup;
			children = (
				AD9DCE3127105B1C00CED5AE /* NoConnection.swift */,
			);
			path = 01_No_Connection;
			sourceTree = "<group>";
		};
		AD9DCE3327105DD700CED5AE /* 02_404_Error */ = {
			isa = PBXGroup;
			children = (
				AD9DCE3427105DFA00CED5AE /* Error404.swift */,
			);
			path = 02_404_Error;
			sourceTree = "<group>";
		};
		AD9DCE36271077C200CED5AE /* 03_Something_Went_Wrong */ = {
			isa = PBXGroup;
			children = (
				AD9DCE37271077DC00CED5AE /* SomethingWentWrong.swift */,
			);
			path = 03_Something_Went_Wrong;
			sourceTree = "<group>";
		};
		AD9DCE392710782D00CED5AE /* 04_File_Not_Found */ = {
			isa = PBXGroup;
			children = (
				AD9DCE3A2710784900CED5AE /* FileNotFound.swift */,
			);
			path = 04_File_Not_Found;
			sourceTree = "<group>";
		};
		AD9DCE3C271078F300CED5AE /* 05_Something_Went_Wrong */ = {
			isa = PBXGroup;
			children = (
				AD9DCE3D2710790A00CED5AE /* SomethingWrong.swift */,
			);
			path = 05_Something_Went_Wrong;
			sourceTree = "<group>";
		};
/* End PBXGroup section */

/* Begin PBXNativeTarget section */
		AD9DCE132710582200CED5AE /* ErrorScreen */ = {
			isa = PBXNativeTarget;
			buildConfigurationList = AD9DCE222710582600CED5AE /* Build configuration list for PBXNativeTarget "ErrorScreen" */;
			buildPhases = (
				AD9DCE102710582200CED5AE /* Sources */,
				AD9DCE112710582200CED5AE /* Frameworks */,
				AD9DCE122710582200CED5AE /* Resources */,
			);
			buildRules = (
			);
			dependencies = (
			);
			name = ErrorScreen;
			productName = ErrorScreen;
			productReference = AD9DCE142710582200CED5AE /* ErrorScreen.app */;
			productType = "com.apple.product-type.application";
		};
/* End PBXNativeTarget section */

/* Begin PBXProject section */
		AD9DCE0C2710582200CED5AE /* Project object */ = {
			isa = PBXProject;
			attributes = {
				BuildIndependentTargetsInParallel = 1;
				LastSwiftUpdateCheck = 1300;
				LastUpgradeCheck = 1300;
				TargetAttributes = {
					AD9DCE132710582200CED5AE = {
						CreatedOnToolsVersion = 13.0;
					};
				};
			};
			buildConfigurationList = AD9DCE0F2710582200CED5AE /* Build configuration list for PBXProject "ErrorScreen" */;
			compatibilityVersion = "Xcode 13.0";
			developmentRegion = en;
			hasScannedForEncodings = 0;
			knownRegions = (
				en,
				Base,
			);
			mainGroup = AD9DCE0B2710582200CED5AE;
			productRefGroup = AD9DCE152710582200CED5AE /* Products */;
			projectDirPath = "";
			projectRoot = "";
			targets = (
				AD9DCE132710582200CED5AE /* ErrorScreen */,
			);
		};
/* End PBXProject section */

/* Begin PBXResourcesBuildPhase section */
		AD9DCE122710582200CED5AE /* Resources */ = {
			isa = PBXResourcesBuildPhase;
			buildActionMask = 2147483647;
			files = (
				AD9DCE1F2710582600CED5AE /* Preview Assets.xcassets in Resources */,
				AD9DCE1C2710582600CED5AE /* Assets.xcassets in Resources */,
			);
			runOnlyForDeploymentPostprocessing = 0;
		};
/* End PBXResourcesBuildPhase section */

/* Begin PBXSourcesBuildPhase section */
		AD9DCE102710582200CED5AE /* Sources */ = {
			isa = PBXSourcesBuildPhase;
			buildActionMask = 2147483647;
			files = (
				AD9DCE3227105B1C00CED5AE /* NoConnection.swift in Sources */,
				AD9DCE1A2710582200CED5AE /* ContentView.swift in Sources */,
				AD9DCE3B2710784900CED5AE /* FileNotFound.swift in Sources */,
				AD9DCE38271077DC00CED5AE /* SomethingWentWrong.swift in Sources */,
				AD9DCE182710582200CED5AE /* ErrorScreenApp.swift in Sources */,
				AD9DCE3E2710790A00CED5AE /* SomethingWrong.swift in Sources */,
				AD9DCE3527105DFA00CED5AE /* Error404.swift in Sources */,
			);
			runOnlyForDeploymentPostprocessing = 0;
		};
/* End PBXSourcesBuildPhase section */

/* Begin XCBuildConfiguration section */
		AD9DCE202710582600CED5AE /* Debug */ = {
			isa = XCBuildConfiguration;
			buildSettings = {
				ALWAYS_SEARCH_USER_PATHS = NO;
				CLANG_ANALYZER_NONNULL = YES;
				CLANG_ANALYZER_NUMBER_OBJECT_CONVERSION = YES_AGGRESSIVE;
				CLANG_CXX_LANGUAGE_STANDARD = "gnu++17";
				CLANG_CXX_LIBRARY = "libc++";
				CLANG_ENABLE_MODULES = YES;
				CLANG_ENABLE_OBJC_ARC = YES;
				CLANG_ENABLE_OBJC_WEAK = YES;
				CLANG_WARN_BLOCK_CAPTURE_AUTORELEASING = YES;
				CLANG_WARN_BOOL_CONVERSION = YES;
				CLANG_WARN_COMMA = YES;
				CLANG_WARN_CONSTANT_CONVERSION = YES;
				CLANG_WARN_DEPRECATED_OBJC_IMPLEMENTATIONS = YES;
				CLANG_WARN_DIRECT_OBJC_ISA_USAGE = YES_ERROR;
				CLANG_WARN_DOCUMENTATION_COMMENTS = YES;
				CLANG_WARN_EMPTY_BODY = YES;
				CLANG_WARN_ENUM_CONVERSION = YES;
				CLANG_WARN_INFINITE_RECURSION = YES;
				CLANG_WARN_INT_CONVERSION = YES;
				CLANG_WARN_NON_LITERAL_NULL_CONVERSION = YES;
				CLANG_WARN_OBJC_IMPLICIT_RETAIN_SELF = YES;
				CLANG_WARN_OBJC_LITERAL_CONVERSION = YES;
				CLANG_WARN_OBJC_ROOT_CLASS = YES_ERROR;
				CLANG_WARN_QUOTED_INCLUDE_IN_FRAMEWORK_HEADER = YES;
				CLANG_WARN_RANGE_LOOP_ANALYSIS = YES;
				CLANG_WARN_STRICT_PROTOTYPES = YES;
				CLANG_WARN_SUSPICIOUS_MOVE = YES;
				CLANG_WARN_UNGUARDED_AVAILABILITY = YES_AGGRESSIVE;
				CLANG_WARN_UNREACHABLE_CODE = YES;
				CLANG_WARN__DUPLICATE_METHOD_MATCH = YES;
				COPY_PHASE_STRIP = NO;
				DEBUG_INFORMATION_FORMAT = dwarf;
				ENABLE_STRICT_OBJC_MSGSEND = YES;
				ENABLE_TESTABILITY = YES;
				GCC_C_LANGUAGE_STANDARD = gnu11;
				GCC_DYNAMIC_NO_PIC = NO;
				GCC_NO_COMMON_BLOCKS = YES;
				GCC_OPTIMIZATION_LEVEL = 0;
				GCC_PREPROCESSOR_DEFINITIONS = (
					"DEBUG=1",
					"$(inherited)",
				);
				GCC_WARN_64_TO_32_BIT_CONVERSION = YES;
				GCC_WARN_ABOUT_RETURN_TYPE = YES_ERROR;
				GCC_WARN_UNDECLARED_SELECTOR = YES;
				GCC_WARN_UNINITIALIZED_AUTOS = YES_AGGRESSIVE;
				GCC_WARN_UNUSED_FUNCTION = YES;
				GCC_WARN_UNUSED_VARIABLE = YES;
				IPHONEOS_DEPLOYMENT_TARGET = 15.0;
				MTL_ENABLE_DEBUG_INFO = INCLUDE_SOURCE;
				MTL_FAST_MATH = YES;
				ONLY_ACTIVE_ARCH = YES;
				SDKROOT = iphoneos;
				SWIFT_ACTIVE_COMPILATION_CONDITIONS = DEBUG;
				SWIFT_OPTIMIZATION_LEVEL = "-Onone";
			};
			name = Debug;
		};
		AD9DCE212710582600CED5AE /* Release */ = {
			isa = XCBuildConfiguration;
			buildSettings = {
				ALWAYS_SEARCH_USER_PATHS = NO;
				CLANG_ANALYZER_NONNULL = YES;
				CLANG_ANALYZER_NUMBER_OBJECT_CONVERSION = YES_AGGRESSIVE;
				CLANG_CXX_LANGUAGE_STANDARD = "gnu++17";
				CLANG_CXX_LIBRARY = "libc++";
				CLANG_ENABLE_MODULES = YES;
				CLANG_ENABLE_OBJC_ARC = YES;
				CLANG_ENABLE_OBJC_WEAK = YES;
				CLANG_WARN_BLOCK_CAPTURE_AUTORELEASING = YES;
				CLANG_WARN_BOOL_CONVERSION = YES;
				CLANG_WARN_COMMA = YES;
				CLANG_WARN_CONSTANT_CONVERSION = YES;
				CLANG_WARN_DEPRECATED_OBJC_IMPLEMENTATIONS = YES;
				CLANG_WARN_DIRECT_OBJC_ISA_USAGE = YES_ERROR;
				CLANG_WARN_DOCUMENTATION_COMMENTS = YES;
				CLANG_WARN_EMPTY_BODY = YES;
				CLANG_WARN_ENUM_CONVERSION = YES;
				CLANG_WARN_INFINITE_RECURSION = YES;
				CLANG_WARN_INT_CONVERSION = YES;
				CLANG_WARN_NON_LITERAL_NULL_CONVERSION = YES;
				CLANG_WARN_OBJC_IMPLICIT_RETAIN_SELF = YES;
				CLANG_WARN_OBJC_LITERAL_CONVERSION = YES;
				CLANG_WARN_OBJC_ROOT_CLASS = YES_ERROR;
				CLANG_WARN_QUOTED_INCLUDE_IN_FRAMEWORK_HEADER = YES;
				CLANG_WARN_RANGE_LOOP_ANALYSIS = YES;
				CLANG_WARN_STRICT_PROTOTYPES = YES;
				CLANG_WARN_SUSPICIOUS_MOVE = YES;
				CLANG_WARN_UNGUARDED_AVAILABILITY = YES_AGGRESSIVE;
				CLANG_WARN_UNREACHABLE_CODE = YES;
				CLANG_WARN__DUPLICATE_METHOD_MATCH = YES;
				COPY_PHASE_STRIP = NO;
				DEBUG_INFORMATION_FORMAT = "dwarf-with-dsym";
				ENABLE_NS_ASSERTIONS = NO;
				ENABLE_STRICT_OBJC_MSGSEND = YES;
				GCC_C_LANGUAGE_STANDARD = gnu11;
				GCC_NO_COMMON_BLOCKS = YES;
				GCC_WARN_64_TO_32_BIT_CONVERSION = YES;
				GCC_WARN_ABOUT_RETURN_TYPE = YES_ERROR;
				GCC_WARN_UNDECLARED_SELECTOR = YES;
				GCC_WARN_UNINITIALIZED_AUTOS = YES_AGGRESSIVE;
				GCC_WARN_UNUSED_FUNCTION = YES;
				GCC_WARN_UNUSED_VARIABLE = YES;
				IPHONEOS_DEPLOYMENT_TARGET = 15.0;
				MTL_ENABLE_DEBUG_INFO = NO;
				MTL_FAST_MATH = YES;
				SDKROOT = iphoneos;
				SWIFT_COMPILATION_MODE = wholemodule;
				SWIFT_OPTIMIZATION_LEVEL = "-O";
				VALIDATE_PRODUCT = YES;
			};
			name = Release;
		};
		AD9DCE232710582600CED5AE /* Debug */ = {
			isa = XCBuildConfiguration;
			buildSettings = {
				ASSETCATALOG_COMPILER_APPICON_NAME = AppIcon;
				ASSETCATALOG_COMPILER_GLOBAL_ACCENT_COLOR_NAME = AccentColor;
				CODE_SIGN_STYLE = Automatic;
				CURRENT_PROJECT_VERSION = 1;
				DEVELOPMENT_ASSET_PATHS = "\"ErrorScreen/Preview Content\"";
				DEVELOPMENT_TEAM = P5G5J5RV2G;
				ENABLE_PREVIEWS = YES;
				GENERATE_INFOPLIST_FILE = YES;
				INFOPLIST_KEY_UIApplicationSceneManifest_Generation = YES;
				INFOPLIST_KEY_UIApplicationSupportsIndirectInputEvents = YES;
				INFOPLIST_KEY_UILaunchScreen_Generation = YES;
				INFOPLIST_KEY_UISupportedInterfaceOrientations_iPad = "UIInterfaceOrientationPortrait UIInterfaceOrientationPortraitUpsideDown UIInterfaceOrientationLandscapeLeft UIInterfaceOrientationLandscapeRight";
				INFOPLIST_KEY_UISupportedInterfaceOrientations_iPhone = "UIInterfaceOrientationPortrait UIInterfaceOrientationLandscapeLeft UIInterfaceOrientationLandscapeRight";
				IPHONEOS_DEPLOYMENT_TARGET = 14.0;
				LD_RUNPATH_SEARCH_PATHS = (
					"$(inherited)",
					"@executable_path/Frameworks",
				);
				MARKETING_VERSION = 1.0;
				PRODUCT_BUNDLE_IDENTIFIER = com.tund.ErrorScreen;
				PRODUCT_NAME = "$(TARGET_NAME)";
				SWIFT_EMIT_LOC_STRINGS = YES;
				SWIFT_VERSION = 5.0;
				TARGETED_DEVICE_FAMILY = "1,2";
			};
			name = Debug;
		};
		AD9DCE242710582600CED5AE /* Release */ = {
			isa = XCBuildConfiguration;
			buildSettings = {
				ASSETCATALOG_COMPILER_APPICON_NAME = AppIcon;
				ASSETCATALOG_COMPILER_GLOBAL_ACCENT_COLOR_NAME = AccentColor;
				CODE_SIGN_STYLE = Automatic;
				CURRENT_PROJECT_VERSION = 1;
				DEVELOPMENT_ASSET_PATHS = "\"ErrorScreen/Preview Content\"";
				DEVELOPMENT_TEAM = P5G5J5RV2G;
				ENABLE_PREVIEWS = YES;
				GENERATE_INFOPLIST_FILE = YES;
				INFOPLIST_KEY_UIApplicationSceneManifest_Generation = YES;
				INFOPLIST_KEY_UIApplicationSupportsIndirectInputEvents = YES;
				INFOPLIST_KEY_UILaunchScreen_Generation = YES;
				INFOPLIST_KEY_UISupportedInterfaceOrientations_iPad = "UIInterfaceOrientationPortrait UIInterfaceOrientationPortraitUpsideDown UIInterfaceOrientationLandscapeLeft UIInterfaceOrientationLandscapeRight";
				INFOPLIST_KEY_UISupportedInterfaceOrientations_iPhone = "UIInterfaceOrientationPortrait UIInterfaceOrientationLandscapeLeft UIInterfaceOrientationLandscapeRight";
				IPHONEOS_DEPLOYMENT_TARGET = 14.0;
				LD_RUNPATH_SEARCH_PATHS = (
					"$(inherited)",
					"@executable_path/Frameworks",
				);
				MARKETING_VERSION = 1.0;
				PRODUCT_BUNDLE_IDENTIFIER = com.tund.ErrorScreen;
				PRODUCT_NAME = "$(TARGET_NAME)";
				SWIFT_EMIT_LOC_STRINGS = YES;
				SWIFT_VERSION = 5.0;
				TARGETED_DEVICE_FAMILY = "1,2";
			};
			name = Release;
		};
/* End XCBuildConfiguration section */

/* Begin XCConfigurationList section */
		AD9DCE0F2710582200CED5AE /* Build configuration list for PBXProject "ErrorScreen" */ = {
			isa = XCConfigurationList;
			buildConfigurations = (
				AD9DCE202710582600CED5AE /* Debug */,
				AD9DCE212710582600CED5AE /* Release */,
			);
			defaultConfigurationIsVisible = 0;
			defaultConfigurationName = Release;
		};
		AD9DCE222710582600CED5AE /* Build configuration list for PBXNativeTarget "ErrorScreen" */ = {
			isa = XCConfigurationList;
			buildConfigurations = (
				AD9DCE232710582600CED5AE /* Debug */,
				AD9DCE242710582600CED5AE /* Release */,
			);
			defaultConfigurationIsVisible = 0;
			defaultConfigurationName = Release;
		};
/* End XCConfigurationList section */
	};
	rootObject = AD9DCE0C2710582200CED5AE /* Project object */;
}
